
Microsoft Visual Studio Solution File, Format Version 12.00
# Visual Studio Version 16
VisualStudioVersion = 16.0.31025.194
MinimumVisualStudioVersion = 10.0.40219.1
Project("{FAE04EC0-301F-11D3-BF4B-00C04F79EFBC}") = "Qbackendmain", "Qbackendmain\Qbackendmain.csproj", "{CA76B7D0-8203-4C5B-9440-8281F78A0FAB}"
EndProject
Global
	GlobalSection(SolutionConfigurationPlatforms) = preSolution
		Debug|Any CPU = Debug|Any CPU
		Release|Any CPU = Release|Any CPU
	EndGlobalSection
	GlobalSection(ProjectConfigurationPlatforms) = postSolution
		{CA76B7D0-8203-4C5B-9440-8281F78A0FAB}.Debug|Any CPU.ActiveCfg = Debug|Any CPU
		{CA76B7D0-8203-4C5B-9440-8281F78A0FAB}.Debug|Any CPU.Build.0 = Debug|Any CPU
		{CA76B7D0-8203-4C5B-9440-8281F78A0FAB}.Release|Any CPU.ActiveCfg = Release|Any CPU
		{CA76B7D0-8203-4C5B-9440-8281F78A0FAB}.Release|Any CPU.Build.0 = Release|Any CPU
	EndGlobalSection
	GlobalSection(SolutionProperties) = preSolution
		HideSolutionNode = FALSE
	EndGlobalSection
	GlobalSection(ExtensibilityGlobals) = postSolution
		SolutionGuid = {75AD7EB1-4E74-4A8E-9CFE-CD5D5885E6CB}
	EndGlobalSection
EndGlobal
